
Microsoft Visual Studio Solution File, Format Version 12.00
Project("{FAE04EC0-301F-11D3-BF4B-00C04F79EFBC}") = "homework16", "homework16\homework16.csproj", "{492E611D-AD11-40A9-809A-7936195EDEFD}"
EndProject
Global
	GlobalSection(SolutionConfigurationPlatforms) = preSolution
		Debug|Any CPU = Debug|Any CPU
		Release|Any CPU = Release|Any CPU
	EndGlobalSection
	GlobalSection(ProjectConfigurationPlatforms) = postSolution
		{492E611D-AD11-40A9-809A-7936195EDEFD}.Debug|Any CPU.ActiveCfg = Debug|Any CPU
		{492E611D-AD11-40A9-809A-7936195EDEFD}.Debug|Any CPU.Build.0 = Debug|Any CPU
		{492E611D-AD11-40A9-809A-7936195EDEFD}.Release|Any CPU.ActiveCfg = Release|Any CPU
		{492E611D-AD11-40A9-809A-7936195EDEFD}.Release|Any CPU.Build.0 = Release|Any CPU
	EndGlobalSection
EndGlobal
